
Microsoft Visual Studio Solution File, Format Version 12.00
# Visual Studio Version 17
VisualStudioVersion = 17.14.36705.20
MinimumVisualStudioVersion = 10.0.40219.1
Project("{FAE04EC0-301F-11D3-BF4B-00C04F79EFBC}") = "Selenium Wait", "Selenium Wait\Selenium Wait.csproj", "{4C850830-96AC-4F02-A731-521A20308CA8}"
EndProject
Project("{FAE04EC0-301F-11D3-BF4B-00C04F79EFBC}") = "Explicit_Wait", "Explicit_Wait\Explicit_Wait.csproj", "{B3259D29-FB1C-4C74-A46D-72252D5AACEB}"
EndProject
Project("{FAE04EC0-301F-11D3-BF4B-00C04F79EFBC}") = "Working with Windows", "Working with Windows\Working with Windows.csproj", "{D1FB4A93-4AA4-4783-AF97-EE48A51C8068}"
EndProject
Project("{FAE04EC0-301F-11D3-BF4B-00C04F79EFBC}") = "Working with iFrames", "Working with iFrames\Working with iFrames.csproj", "{8C1B0AA1-2A58-414E-AE3A-5D32BB2E2440}"
EndProject
Project("{FAE04EC0-301F-11D3-BF4B-00C04F79EFBC}") = "WorkingWithAlerts", "WorkingWithAlerts\WorkingWithAlerts.csproj", "{A5CF84ED-C19B-4A00-8EAF-A56C9F69D12C}"
EndProject
Global
	GlobalSection(SolutionConfigurationPlatforms) = preSolution
		Debug|Any CPU = Debug|Any CPU
		Release|Any CPU = Release|Any CPU
	EndGlobalSection
	GlobalSection(ProjectConfigurationPlatforms) = postSolution
		{4C850830-96AC-4F02-A731-521A20308CA8}.Debug|Any CPU.ActiveCfg = Debug|Any CPU
		{4C850830-96AC-4F02-A731-521A20308CA8}.Debug|Any CPU.Build.0 = Debug|Any CPU
		{4C850830-96AC-4F02-A731-521A20308CA8}.Release|Any CPU.ActiveCfg = Release|Any CPU
		{4C850830-96AC-4F02-A731-521A20308CA8}.Release|Any CPU.Build.0 = Release|Any CPU
		{B3259D29-FB1C-4C74-A46D-72252D5AACEB}.Debug|Any CPU.ActiveCfg = Debug|Any CPU
		{B3259D29-FB1C-4C74-A46D-72252D5AACEB}.Debug|Any CPU.Build.0 = Debug|Any CPU
		{B3259D29-FB1C-4C74-A46D-72252D5AACEB}.Release|Any CPU.ActiveCfg = Release|Any CPU
		{B3259D29-FB1C-4C74-A46D-72252D5AACEB}.Release|Any CPU.Build.0 = Release|Any CPU
		{D1FB4A93-4AA4-4783-AF97-EE48A51C8068}.Debug|Any CPU.ActiveCfg = Debug|Any CPU
		{D1FB4A93-4AA4-4783-AF97-EE48A51C8068}.Debug|Any CPU.Build.0 = Debug|Any CPU
		{D1FB4A93-4AA4-4783-AF97-EE48A51C8068}.Release|Any CPU.ActiveCfg = Release|Any CPU
		{D1FB4A93-4AA4-4783-AF97-EE48A51C8068}.Release|Any CPU.Build.0 = Release|Any CPU
		{8C1B0AA1-2A58-414E-AE3A-5D32BB2E2440}.Debug|Any CPU.ActiveCfg = Debug|Any CPU
		{8C1B0AA1-2A58-414E-AE3A-5D32BB2E2440}.Debug|Any CPU.Build.0 = Debug|Any CPU
		{8C1B0AA1-2A58-414E-AE3A-5D32BB2E2440}.Release|Any CPU.ActiveCfg = Release|Any CPU
		{8C1B0AA1-2A58-414E-AE3A-5D32BB2E2440}.Release|Any CPU.Build.0 = Release|Any CPU
		{A5CF84ED-C19B-4A00-8EAF-A56C9F69D12C}.Debug|Any CPU.ActiveCfg = Debug|Any CPU
		{A5CF84ED-C19B-4A00-8EAF-A56C9F69D12C}.Debug|Any CPU.Build.0 = Debug|Any CPU
		{A5CF84ED-C19B-4A00-8EAF-A56C9F69D12C}.Release|Any CPU.ActiveCfg = Release|Any CPU
		{A5CF84ED-C19B-4A00-8EAF-A56C9F69D12C}.Release|Any CPU.Build.0 = Release|Any CPU
	EndGlobalSection
	GlobalSection(SolutionProperties) = preSolution
		HideSolutionNode = FALSE
	EndGlobalSection
	GlobalSection(ExtensibilityGlobals) = postSolution
		SolutionGuid = {5C91CFCE-FB2B-47C2-92EC-AF7F758E2031}
	EndGlobalSection
EndGlobal
